
Microsoft Visual Studio Solution File, Format Version 12.00
# Visual Studio Version 17
VisualStudioVersion = 17.4.33213.308
MinimumVisualStudioVersion = 10.0.40219.1
Project("{FAE04EC0-301F-11D3-BF4B-00C04F79EFBC}") = "PatientInfoService", "PatientInfoService\PatientInfoService.csproj", "{DBAA531B-71B3-490D-935E-B03BE19AC88A}"
EndProject
Project("{E53339B2-1760-4266-BCC7-CA923CBCF16C}") = "docker-compose", "docker-compose.dcproj", "{09C06103-3317-48EE-97D3-AC18B9AD4714}"
EndProject
Global
	GlobalSection(SolutionConfigurationPlatforms) = preSolution
		Debug|Any CPU = Debug|Any CPU
		Release|Any CPU = Release|Any CPU
	EndGlobalSection
	GlobalSection(ProjectConfigurationPlatforms) = postSolution
		{DBAA531B-71B3-490D-935E-B03BE19AC88A}.Debug|Any CPU.ActiveCfg = Debug|Any CPU
		{DBAA531B-71B3-490D-935E-B03BE19AC88A}.Debug|Any CPU.Build.0 = Debug|Any CPU
		{DBAA531B-71B3-490D-935E-B03BE19AC88A}.Release|Any CPU.ActiveCfg = Release|Any CPU
		{DBAA531B-71B3-490D-935E-B03BE19AC88A}.Release|Any CPU.Build.0 = Release|Any CPU
		{09C06103-3317-48EE-97D3-AC18B9AD4714}.Debug|Any CPU.ActiveCfg = Debug|Any CPU
		{09C06103-3317-48EE-97D3-AC18B9AD4714}.Debug|Any CPU.Build.0 = Debug|Any CPU
		{09C06103-3317-48EE-97D3-AC18B9AD4714}.Release|Any CPU.ActiveCfg = Release|Any CPU
		{09C06103-3317-48EE-97D3-AC18B9AD4714}.Release|Any CPU.Build.0 = Release|Any CPU
	EndGlobalSection
	GlobalSection(SolutionProperties) = preSolution
		HideSolutionNode = FALSE
	EndGlobalSection
	GlobalSection(ExtensibilityGlobals) = postSolution
		SolutionGuid = {DD511DE7-39AC-4D5E-8EB0-8AFA8C4067C8}
	EndGlobalSection
EndGlobal
